// !$*UTF8*$!
{
	archiveVersion = 1;
	classes = {
	};
	objectVersion = 55;
	objects = {

/* Begin PBXBuildFile section */
		1AA4C86628CDDB4100DBD469 /* AppDelegate.swift in Sources */ = {isa = PBXBuildFile; fileRef = 1AA4C86528CDDB4100DBD469 /* AppDelegate.swift */; };
		1AA4C86828CDDB4100DBD469 /* SceneDelegate.swift in Sources */ = {isa = PBXBuildFile; fileRef = 1AA4C86728CDDB4100DBD469 /* SceneDelegate.swift */; };
		1AA4C86A28CDDB4100DBD469 /* ViewController.swift in Sources */ = {isa = PBXBuildFile; fileRef = 1AA4C86928CDDB4100DBD469 /* ViewController.swift */; };
		1AA4C86D28CDDB4100DBD469 /* Main.storyboard in Resources */ = {isa = PBXBuildFile; fileRef = 1AA4C86B28CDDB4100DBD469 /* Main.storyboard */; };
		1AA4C86F28CDDB4200DBD469 /* Assets.xcassets in Resources */ = {isa = PBXBuildFile; fileRef = 1AA4C86E28CDDB4200DBD469 /* Assets.xcassets */; };
		1AA4C87228CDDB4200DBD469 /* LaunchScreen.storyboard in Resources */ = {isa = PBXBuildFile; fileRef = 1AA4C87028CDDB4200DBD469 /* LaunchScreen.storyboard */; };
		1AA4C87D28CDDB4200DBD469 /* RxSwiftMVVMEXampleTests.swift in Sources */ = {isa = PBXBuildFile; fileRef = 1AA4C87C28CDDB4200DBD469 /* RxSwiftMVVMEXampleTests.swift */; };
		1AA4C88728CDDB4200DBD469 /* RxSwiftMVVMEXampleUITests.swift in Sources */ = {isa = PBXBuildFile; fileRef = 1AA4C88628CDDB4200DBD469 /* RxSwiftMVVMEXampleUITests.swift */; };
		1AA4C88928CDDB4200DBD469 /* RxSwiftMVVMEXampleUITestsLaunchTests.swift in Sources */ = {isa = PBXBuildFile; fileRef = 1AA4C88828CDDB4200DBD469 /* RxSwiftMVVMEXampleUITestsLaunchTests.swift */; };
		1AA4C89D28CDDB5800DBD469 /* RxSwift in Frameworks */ = {isa = PBXBuildFile; productRef = 1AA4C89C28CDDB5800DBD469 /* RxSwift */; };
		1AA4C8A228CDDB8F00DBD469 /* MainViewModel.swift in Sources */ = {isa = PBXBuildFile; fileRef = 1AA4C8A128CDDB8F00DBD469 /* MainViewModel.swift */; };
		1AA4C8A528CE4A0B00DBD469 /* RxSwift in Frameworks */ = {isa = PBXBuildFile; productRef = 1AA4C8A428CE4A0B00DBD469 /* RxSwift */; };
		1AA4C8A828CE4A2200DBD469 /* RxCocoa in Frameworks */ = {isa = PBXBuildFile; productRef = 1AA4C8A728CE4A2200DBD469 /* RxCocoa */; };
/* End PBXBuildFile section */

/* Begin PBXContainerItemProxy section */
		1AA4C87928CDDB4200DBD469 /* PBXContainerItemProxy */ = {
			isa = PBXContainerItemProxy;
			containerPortal = 1AA4C85A28CDDB4100DBD469 /* Project object */;
			proxyType = 1;
			remoteGlobalIDString = 1AA4C86128CDDB4100DBD469;
			remoteInfo = RxSwiftMVVMEXample;
		};
		1AA4C88328CDDB4200DBD469 /* PBXContainerItemProxy */ = {
			isa = PBXContainerItemProxy;
			containerPortal = 1AA4C85A28CDDB4100DBD469 /* Project object */;
			proxyType = 1;
			remoteGlobalIDString = 1AA4C86128CDDB4100DBD469;
			remoteInfo = RxSwiftMVVMEXample;
		};
/* End PBXContainerItemProxy section */

/* Begin PBXFileReference section */
		1AA4C86228CDDB4100DBD469 /* RxSwiftMVVMEXample.app */ = {isa = PBXFileReference; explicitFileType = wrapper.application; includeInIndex = 0; path = RxSwiftMVVMEXample.app; sourceTree = BUILT_PRODUCTS_DIR; };
		1AA4C86528CDDB4100DBD469 /* AppDelegate.swift */ = {isa = PBXFileReference; lastKnownFileType = sourcecode.swift; path = AppDelegate.swift; sourceTree = "<group>"; };
		1AA4C86728CDDB4100DBD469 /* SceneDelegate.swift */ = {isa = PBXFileReference; lastKnownFileType = sourcecode.swift; path = SceneDelegate.swift; sourceTree = "<group>"; };
		1AA4C86928CDDB4100DBD469 /* ViewController.swift */ = {isa = PBXFileReference; lastKnownFileType = sourcecode.swift; path = ViewController.swift; sourceTree = "<group>"; };
		1AA4C86C28CDDB4100DBD469 /* Base */ = {isa = PBXFileReference; lastKnownFileType = file.storyboard; name = Base; path = Base.lproj/Main.storyboard; sourceTree = "<group>"; };
		1AA4C86E28CDDB4200DBD469 /* Assets.xcassets */ = {isa = PBXFileReference; lastKnownFileType = folder.assetcatalog; path = Assets.xcassets; sourceTree = "<group>"; };
		1AA4C87128CDDB4200DBD469 /* Base */ = {isa = PBXFileReference; lastKnownFileType = file.storyboard; name = Base; path = Base.lproj/LaunchScreen.storyboard; sourceTree = "<group>"; };
		1AA4C87328CDDB4200DBD469 /* Info.plist */ = {isa = PBXFileReference; lastKnownFileType = text.plist.xml; path = Info.plist; sourceTree = "<group>"; };
		1AA4C87828CDDB4200DBD469 /* RxSwiftMVVMEXampleTests.xctest */ = {isa = PBXFileReference; explicitFileType = wrapper.cfbundle; includeInIndex = 0; path = RxSwiftMVVMEXampleTests.xctest; sourceTree = BUILT_PRODUCTS_DIR; };
		1AA4C87C28CDDB4200DBD469 /* RxSwiftMVVMEXampleTests.swift */ = {isa = PBXFileReference; lastKnownFileType = sourcecode.swift; path = RxSwiftMVVMEXampleTests.swift; sourceTree = "<group>"; };
		1AA4C88228CDDB4200DBD469 /* RxSwiftMVVMEXampleUITests.xctest */ = {isa = PBXFileReference; explicitFileType = wrapper.cfbundle; includeInIndex = 0; path = RxSwiftMVVMEXampleUITests.xctest; sourceTree = BUILT_PRODUCTS_DIR; };
		1AA4C88628CDDB4200DBD469 /* RxSwiftMVVMEXampleUITests.swift */ = {isa = PBXFileReference; lastKnownFileType = sourcecode.swift; path = RxSwiftMVVMEXampleUITests.swift; sourceTree = "<group>"; };
		1AA4C88828CDDB4200DBD469 /* RxSwiftMVVMEXampleUITestsLaunchTests.swift */ = {isa = PBXFileReference; lastKnownFileType = sourcecode.swift; path = RxSwiftMVVMEXampleUITestsLaunchTests.swift; sourceTree = "<group>"; };
		1AA4C8A128CDDB8F00DBD469 /* MainViewModel.swift */ = {isa = PBXFileReference; lastKnownFileType = sourcecode.swift; path = MainViewModel.swift; sourceTree = "<group>"; };
/* End PBXFileReference section */

/* Begin PBXFrameworksBuildPhase section */
		1AA4C85F28CDDB4100DBD469 /* Frameworks */ = {
			isa = PBXFrameworksBuildPhase;
			buildActionMask = 2147483647;
			files = (
				1AA4C8A828CE4A2200DBD469 /* RxCocoa in Frameworks */,
				1AA4C8A528CE4A0B00DBD469 /* RxSwift in Frameworks */,
				1AA4C89D28CDDB5800DBD469 /* RxSwift in Frameworks */,
			);
			runOnlyForDeploymentPostprocessing = 0;
		};
		1AA4C87528CDDB4200DBD469 /* Frameworks */ = {
			isa = PBXFrameworksBuildPhase;
			buildActionMask = 2147483647;
			files = (
			);
			runOnlyForDeploymentPostprocessing = 0;
		};
		1AA4C87F28CDDB4200DBD469 /* Frameworks */ = {
			isa = PBXFrameworksBuildPhase;
			buildActionMask = 2147483647;
			files = (
			);
			runOnlyForDeploymentPostprocessing = 0;
		};
/* End PBXFrameworksBuildPhase section */

/* Begin PBXGroup section */
		1AA4C85928CDDB4100DBD469 = {
			isa = PBXGroup;
			children = (
				1AA4C86428CDDB4100DBD469 /* RxSwiftMVVMEXample */,
				1AA4C87B28CDDB4200DBD469 /* RxSwiftMVVMEXampleTests */,
				1AA4C88528CDDB4200DBD469 /* RxSwiftMVVMEXampleUITests */,
				1AA4C86328CDDB4100DBD469 /* Products */,
			);
			sourceTree = "<group>";
		};
		1AA4C86328CDDB4100DBD469 /* Products */ = {
			isa = PBXGroup;
			children = (
				1AA4C86228CDDB4100DBD469 /* RxSwiftMVVMEXample.app */,
				1AA4C87828CDDB4200DBD469 /* RxSwiftMVVMEXampleTests.xctest */,
				1AA4C88228CDDB4200DBD469 /* RxSwiftMVVMEXampleUITests.xctest */,
			);
			name = Products;
			sourceTree = "<group>";
		};
		1AA4C86428CDDB4100DBD469 /* RxSwiftMVVMEXample */ = {
			isa = PBXGroup;
			children = (
				1AA4C8A028CDDB8300DBD469 /* ViewModel */,
				1AA4C86528CDDB4100DBD469 /* AppDelegate.swift */,
				1AA4C86728CDDB4100DBD469 /* SceneDelegate.swift */,
				1AA4C86928CDDB4100DBD469 /* ViewController.swift */,
				1AA4C86B28CDDB4100DBD469 /* Main.storyboard */,
				1AA4C86E28CDDB4200DBD469 /* Assets.xcassets */,
				1AA4C87028CDDB4200DBD469 /* LaunchScreen.storyboard */,
				1AA4C87328CDDB4200DBD469 /* Info.plist */,
			);
			path = RxSwiftMVVMEXample;
			sourceTree = "<group>";
		};
		1AA4C87B28CDDB4200DBD469 /* RxSwiftMVVMEXampleTests */ = {
			isa = PBXGroup;
			children = (
				1AA4C87C28CDDB4200DBD469 /* RxSwiftMVVMEXampleTests.swift */,
			);
			path = RxSwiftMVVMEXampleTests;
			sourceTree = "<group>";
		};
		1AA4C88528CDDB4200DBD469 /* RxSwiftMVVMEXampleUITests */ = {
			isa = PBXGroup;
			children = (
				1AA4C88628CDDB4200DBD469 /* RxSwiftMVVMEXampleUITests.swift */,
				1AA4C88828CDDB4200DBD469 /* RxSwiftMVVMEXampleUITestsLaunchTests.swift */,
			);
			path = RxSwiftMVVMEXampleUITests;
			sourceTree = "<group>";
		};
		1AA4C8A028CDDB8300DBD469 /* ViewModel */ = {
			isa = PBXGroup;
			children = (
				1AA4C8A128CDDB8F00DBD469 /* MainViewModel.swift */,
			);
			path = ViewModel;
			sourceTree = "<group>";
		};
/* End PBXGroup section */

/* Begin PBXNativeTarget section */
		1AA4C86128CDDB4100DBD469 /* RxSwiftMVVMEXample */ = {
			isa = PBXNativeTarget;
			buildConfigurationList = 1AA4C88C28CDDB4200DBD469 /* Build configuration list for PBXNativeTarget "RxSwiftMVVMEXample" */;
			buildPhases = (
				1AA4C85E28CDDB4100DBD469 /* Sources */,
				1AA4C85F28CDDB4100DBD469 /* Frameworks */,
				1AA4C86028CDDB4100DBD469 /* Resources */,
			);
			buildRules = (
			);
			dependencies = (
			);
			name = RxSwiftMVVMEXample;
			packageProductDependencies = (
				1AA4C89C28CDDB5800DBD469 /* RxSwift */,
				1AA4C8A428CE4A0B00DBD469 /* RxSwift */,
				1AA4C8A728CE4A2200DBD469 /* RxCocoa */,
			);
			productName = RxSwiftMVVMEXample;
			productReference = 1AA4C86228CDDB4100DBD469 /* RxSwiftMVVMEXample.app */;
			productType = "com.apple.product-type.application";
		};
		1AA4C87728CDDB4200DBD469 /* RxSwiftMVVMEXampleTests */ = {
			isa = PBXNativeTarget;
			buildConfigurationList = 1AA4C88F28CDDB4200DBD469 /* Build configuration list for PBXNativeTarget "RxSwiftMVVMEXampleTests" */;
			buildPhases = (
				1AA4C87428CDDB4200DBD469 /* Sources */,
				1AA4C87528CDDB4200DBD469 /* Frameworks */,
				1AA4C87628CDDB4200DBD469 /* Resources */,
			);
			buildRules = (
			);
			dependencies = (
				1AA4C87A28CDDB4200DBD469 /* PBXTargetDependency */,
			);
			name = RxSwiftMVVMEXampleTests;
			productName = RxSwiftMVVMEXampleTests;
			productReference = 1AA4C87828CDDB4200DBD469 /* RxSwiftMVVMEXampleTests.xctest */;
			productType = "com.apple.product-type.bundle.unit-test";
		};
		1AA4C88128CDDB4200DBD469 /* RxSwiftMVVMEXampleUITests */ = {
			isa = PBXNativeTarget;
			buildConfigurationList = 1AA4C89228CDDB4200DBD469 /* Build configuration list for PBXNativeTarget "RxSwiftMVVMEXampleUITests" */;
			buildPhases = (
				1AA4C87E28CDDB4200DBD469 /* Sources */,
				1AA4C87F28CDDB4200DBD469 /* Frameworks */,
				1AA4C88028CDDB4200DBD469 /* Resources */,
			);
			buildRules = (
			);
			dependencies = (
				1AA4C88428CDDB4200DBD469 /* PBXTargetDependency */,
			);
			name = RxSwiftMVVMEXampleUITests;
			productName = RxSwiftMVVMEXampleUITests;
			productReference = 1AA4C88228CDDB4200DBD469 /* RxSwiftMVVMEXampleUITests.xctest */;
			productType = "com.apple.product-type.bundle.ui-testing";
		};
/* End PBXNativeTarget section */

/* Begin PBXProject section */
		1AA4C85A28CDDB4100DBD469 /* Project object */ = {
			isa = PBXProject;
			attributes = {
				BuildIndependentTargetsInParallel = 1;
				LastSwiftUpdateCheck = 1340;
				LastUpgradeCheck = 1340;
				TargetAttributes = {
					1AA4C86128CDDB4100DBD469 = {
						CreatedOnToolsVersion = 13.4.1;
					};
					1AA4C87728CDDB4200DBD469 = {
						CreatedOnToolsVersion = 13.4.1;
						TestTargetID = 1AA4C86128CDDB4100DBD469;
					};
					1AA4C88128CDDB4200DBD469 = {
						CreatedOnToolsVersion = 13.4.1;
						TestTargetID = 1AA4C86128CDDB4100DBD469;
					};
				};
			};
			buildConfigurationList = 1AA4C85D28CDDB4100DBD469 /* Build configuration list for PBXProject "RxSwiftMVVMEXample" */;
			compatibilityVersion = "Xcode 13.0";
			developmentRegion = en;
			hasScannedForEncodings = 0;
			knownRegions = (
				en,
				Base,
			);
			mainGroup = 1AA4C85928CDDB4100DBD469;
			packageReferences = (
				1AA4C89528CDDB5800DBD469 /* XCRemoteSwiftPackageReference "RxSwift" */,
				1AA4C8A328CE4A0B00DBD469 /* XCRemoteSwiftPackageReference "RxSwift" */,
				1AA4C8A628CE4A2200DBD469 /* XCRemoteSwiftPackageReference "RxSwift" */,
			);
			productRefGroup = 1AA4C86328CDDB4100DBD469 /* Products */;
			projectDirPath = "";
			projectRoot = "";
			targets = (
				1AA4C86128CDDB4100DBD469 /* RxSwiftMVVMEXample */,
				1AA4C87728CDDB4200DBD469 /* RxSwiftMVVMEXampleTests */,
				1AA4C88128CDDB4200DBD469 /* RxSwiftMVVMEXampleUITests */,
			);
		};
/* End PBXProject section */

/* Begin PBXResourcesBuildPhase section */
		1AA4C86028CDDB4100DBD469 /* Resources */ = {
			isa = PBXResourcesBuildPhase;
			buildActionMask = 2147483647;
			files = (
				1AA4C87228CDDB4200DBD469 /* LaunchScreen.storyboard in Resources */,
				1AA4C86F28CDDB4200DBD469 /* Assets.xcassets in Resources */,
				1AA4C86D28CDDB4100DBD469 /* Main.storyboard in Resources */,
			);
			runOnlyForDeploymentPostprocessing = 0;
		};
		1AA4C87628CDDB4200DBD469 /* Resources */ = {
			isa = PBXResourcesBuildPhase;
			buildActionMask = 2147483647;
			files = (
			);
			runOnlyForDeploymentPostprocessing = 0;
		};
		1AA4C88028CDDB4200DBD469 /* Resources */ = {
			isa = PBXResourcesBuildPhase;
			buildActionMask = 2147483647;
			files = (
			);
			runOnlyForDeploymentPostprocessing = 0;
		};
/* End PBXResourcesBuildPhase section */

/* Begin PBXSourcesBuildPhase section */
		1AA4C85E28CDDB4100DBD469 /* Sources */ = {
			isa = PBXSourcesBuildPhase;
			buildActionMask = 2147483647;
			files = (
				1AA4C86A28CDDB4100DBD469 /* ViewController.swift in Sources */,
				1AA4C86628CDDB4100DBD469 /* AppDelegate.swift in Sources */,
				1AA4C86828CDDB4100DBD469 /* SceneDelegate.swift in Sources */,
				1AA4C8A228CDDB8F00DBD469 /* MainViewModel.swift in Sources */,
			);
			runOnlyForDeploymentPostprocessing = 0;
		};
		1AA4C87428CDDB4200DBD469 /* Sources */ = {
			isa = PBXSourcesBuildPhase;
			buildActionMask = 2147483647;
			files = (
				1AA4C87D28CDDB4200DBD469 /* RxSwiftMVVMEXampleTests.swift in Sources */,
			);
			runOnlyForDeploymentPostprocessing = 0;
		};
		1AA4C87E28CDDB4200DBD469 /* Sources */ = {
			isa = PBXSourcesBuildPhase;
			buildActionMask = 2147483647;
			files = (
				1AA4C88728CDDB4200DBD469 /* RxSwiftMVVMEXampleUITests.swift in Sources */,
				1AA4C88928CDDB4200DBD469 /* RxSwiftMVVMEXampleUITestsLaunchTests.swift in Sources */,
			);
			runOnlyForDeploymentPostprocessing = 0;
		};
/* End PBXSourcesBuildPhase section */

/* Begin PBXTargetDependency section */
		1AA4C87A28CDDB4200DBD469 /* PBXTargetDependency */ = {
			isa = PBXTargetDependency;
			target = 1AA4C86128CDDB4100DBD469 /* RxSwiftMVVMEXample */;
			targetProxy = 1AA4C87928CDDB4200DBD469 /* PBXContainerItemProxy */;
		};
		1AA4C88428CDDB4200DBD469 /* PBXTargetDependency */ = {
			isa = PBXTargetDependency;
			target = 1AA4C86128CDDB4100DBD469 /* RxSwiftMVVMEXample */;
			targetProxy = 1AA4C88328CDDB4200DBD469 /* PBXContainerItemProxy */;
		};
/* End PBXTargetDependency section */

/* Begin PBXVariantGroup section */
		1AA4C86B28CDDB4100DBD469 /* Main.storyboard */ = {
			isa = PBXVariantGroup;
			children = (
				1AA4C86C28CDDB4100DBD469 /* Base */,
			);
			name = Main.storyboard;
			sourceTree = "<group>";
		};
		1AA4C87028CDDB4200DBD469 /* LaunchScreen.storyboard */ = {
			isa = PBXVariantGroup;
			children = (
				1AA4C87128CDDB4200DBD469 /* Base */,
			);
			name = LaunchScreen.storyboard;
			sourceTree = "<group>";
		};
/* End PBXVariantGroup section */

/* Begin XCBuildConfiguration section */
		1AA4C88A28CDDB4200DBD469 /* Debug */ = {
			isa = XCBuildConfiguration;
			buildSettings = {
				ALWAYS_SEARCH_USER_PATHS = NO;
				CLANG_ANALYZER_NONNULL = YES;
				CLANG_ANALYZER_NUMBER_OBJECT_CONVERSION = YES_AGGRESSIVE;
				CLANG_CXX_LANGUAGE_STANDARD = "gnu++17";
				CLANG_ENABLE_MODULES = YES;
				CLANG_ENABLE_OBJC_ARC = YES;
				CLANG_ENABLE_OBJC_WEAK = YES;
				CLANG_WARN_BLOCK_CAPTURE_AUTORELEASING = YES;
				CLANG_WARN_BOOL_CONVERSION = YES;
				CLANG_WARN_COMMA = YES;
				CLANG_WARN_CONSTANT_CONVERSION = YES;
				CLANG_WARN_DEPRECATED_OBJC_IMPLEMENTATIONS = YES;
				CLANG_WARN_DIRECT_OBJC_ISA_USAGE = YES_ERROR;
				CLANG_WARN_DOCUMENTATION_COMMENTS = YES;
				CLANG_WARN_EMPTY_BODY = YES;
				CLANG_WARN_ENUM_CONVERSION = YES;
				CLANG_WARN_INFINITE_RECURSION = YES;
				CLANG_WARN_INT_CONVERSION = YES;
				CLANG_WARN_NON_LITERAL_NULL_CONVERSION = YES;
				CLANG_WARN_OBJC_IMPLICIT_RETAIN_SELF = YES;
				CLANG_WARN_OBJC_LITERAL_CONVERSION = YES;
				CLANG_WARN_OBJC_ROOT_CLASS = YES_ERROR;
				CLANG_WARN_QUOTED_INCLUDE_IN_FRAMEWORK_HEADER = YES;
				CLANG_WARN_RANGE_LOOP_ANALYSIS = YES;
				CLANG_WARN_STRICT_PROTOTYPES = YES;
				CLANG_WARN_SUSPICIOUS_MOVE = YES;
				CLANG_WARN_UNGUARDED_AVAILABILITY = YES_AGGRESSIVE;
				CLANG_WARN_UNREACHABLE_CODE = YES;
				CLANG_WARN__DUPLICATE_METHOD_MATCH = YES;
				COPY_PHASE_STRIP = NO;
				DEBUG_INFORMATION_FORMAT = dwarf;
				ENABLE_STRICT_OBJC_MSGSEND = YES;
				ENABLE_TESTABILITY = YES;
				GCC_C_LANGUAGE_STANDARD = gnu11;
				GCC_DYNAMIC_NO_PIC = NO;
				GCC_NO_COMMON_BLOCKS = YES;
				GCC_OPTIMIZATION_LEVEL = 0;
				GCC_PREPROCESSOR_DEFINITIONS = (
					"DEBUG=1",
					"$(inherited)",
				);
				GCC_WARN_64_TO_32_BIT_CONVERSION = YES;
				GCC_WARN_ABOUT_RETURN_TYPE = YES_ERROR;
				GCC_WARN_UNDECLARED_SELECTOR = YES;
				GCC_WARN_UNINITIALIZED_AUTOS = YES_AGGRESSIVE;
				GCC_WARN_UNUSED_FUNCTION = YES;
				GCC_WARN_UNUSED_VARIABLE = YES;
				IPHONEOS_DEPLOYMENT_TARGET = 15.5;
				MTL_ENABLE_DEBUG_INFO = INCLUDE_SOURCE;
				MTL_FAST_MATH = YES;
				ONLY_ACTIVE_ARCH = YES;
				SDKROOT = iphoneos;
				SWIFT_ACTIVE_COMPILATION_CONDITIONS = DEBUG;
				SWIFT_OPTIMIZATION_LEVEL = "-Onone";
			};
			name = Debug;
		};
		1AA4C88B28CDDB4200DBD469 /* Release */ = {
			isa = XCBuildConfiguration;
			buildSettings = {
				ALWAYS_SEARCH_USER_PATHS = NO;
				CLANG_ANALYZER_NONNULL = YES;
				CLANG_ANALYZER_NUMBER_OBJECT_CONVERSION = YES_AGGRESSIVE;
				CLANG_CXX_LANGUAGE_STANDARD = "gnu++17";
				CLANG_ENABLE_MODULES = YES;
				CLANG_ENABLE_OBJC_ARC = YES;
				CLANG_ENABLE_OBJC_WEAK = YES;
				CLANG_WARN_BLOCK_CAPTURE_AUTORELEASING = YES;
				CLANG_WARN_BOOL_CONVERSION = YES;
				CLANG_WARN_COMMA = YES;
				CLANG_WARN_CONSTANT_CONVERSION = YES;
				CLANG_WARN_DEPRECATED_OBJC_IMPLEMENTATIONS = YES;
				CLANG_WARN_DIRECT_OBJC_ISA_USAGE = YES_ERROR;
				CLANG_WARN_DOCUMENTATION_COMMENTS = YES;
				CLANG_WARN_EMPTY_BODY = YES;
				CLANG_WARN_ENUM_CONVERSION = YES;
				CLANG_WARN_INFINITE_RECURSION = YES;
				CLANG_WARN_INT_CONVERSION = YES;
				CLANG_WARN_NON_LITERAL_NULL_CONVERSION = YES;
				CLANG_WARN_OBJC_IMPLICIT_RETAIN_SELF = YES;
				CLANG_WARN_OBJC_LITERAL_CONVERSION = YES;
				CLANG_WARN_OBJC_ROOT_CLASS = YES_ERROR;
				CLANG_WARN_QUOTED_INCLUDE_IN_FRAMEWORK_HEADER = YES;
				CLANG_WARN_RANGE_LOOP_ANALYSIS = YES;
				CLANG_WARN_STRICT_PROTOTYPES = YES;
				CLANG_WARN_SUSPICIOUS_MOVE = YES;
				CLANG_WARN_UNGUARDED_AVAILABILITY = YES_AGGRESSIVE;
				CLANG_WARN_UNREACHABLE_CODE = YES;
				CLANG_WARN__DUPLICATE_METHOD_MATCH = YES;
				COPY_PHASE_STRIP = NO;
				DEBUG_INFORMATION_FORMAT = "dwarf-with-dsym";
				ENABLE_NS_ASSERTIONS = NO;
				ENABLE_STRICT_OBJC_MSGSEND = YES;
				GCC_C_LANGUAGE_STANDARD = gnu11;
				GCC_NO_COMMON_BLOCKS = YES;
				GCC_WARN_64_TO_32_BIT_CONVERSION = YES;
				GCC_WARN_ABOUT_RETURN_TYPE = YES_ERROR;
				GCC_WARN_UNDECLARED_SELECTOR = YES;
				GCC_WARN_UNINITIALIZED_AUTOS = YES_AGGRESSIVE;
				GCC_WARN_UNUSED_FUNCTION = YES;
				GCC_WARN_UNUSED_VARIABLE = YES;
				IPHONEOS_DEPLOYMENT_TARGET = 15.5;
				MTL_ENABLE_DEBUG_INFO = NO;
				MTL_FAST_MATH = YES;
				SDKROOT = iphoneos;
				SWIFT_COMPILATION_MODE = wholemodule;
				SWIFT_OPTIMIZATION_LEVEL = "-O";
				VALIDATE_PRODUCT = YES;
			};
			name = Release;
		};
		1AA4C88D28CDDB4200DBD469 /* Debug */ = {
			isa = XCBuildConfiguration;
			buildSettings = {
				ASSETCATALOG_COMPILER_APPICON_NAME = AppIcon;
				ASSETCATALOG_COMPILER_GLOBAL_ACCENT_COLOR_NAME = AccentColor;
				CODE_SIGN_STYLE = Automatic;
				CURRENT_PROJECT_VERSION = 1;
				GENERATE_INFOPLIST_FILE = YES;
				INFOPLIST_FILE = RxSwiftMVVMEXample/Info.plist;
				INFOPLIST_KEY_UIApplicationSupportsIndirectInputEvents = YES;
				INFOPLIST_KEY_UILaunchStoryboardName = LaunchScreen;
				INFOPLIST_KEY_UIMainStoryboardFile = Main;
				INFOPLIST_KEY_UISupportedInterfaceOrientations_iPad = "UIInterfaceOrientationPortrait UIInterfaceOrientationPortraitUpsideDown UIInterfaceOrientationLandscapeLeft UIInterfaceOrientationLandscapeRight";
				INFOPLIST_KEY_UISupportedInterfaceOrientations_iPhone = "UIInterfaceOrientationPortrait UIInterfaceOrientationLandscapeLeft UIInterfaceOrientationLandscapeRight";
				LD_RUNPATH_SEARCH_PATHS = (
					"$(inherited)",
					"@executable_path/Frameworks",
				);
				MARKETING_VERSION = 1.0;
				PRODUCT_BUNDLE_IDENTIFIER = hk.com.chiefgroup.RxSwiftMVVMEXample;
				PRODUCT_NAME = "$(TARGET_NAME)";
				SWIFT_EMIT_LOC_STRINGS = YES;
				SWIFT_VERSION = 5.0;
				TARGETED_DEVICE_FAMILY = "1,2";
			};
			name = Debug;
		};
		1AA4C88E28CDDB4200DBD469 /* Release */ = {
			isa = XCBuildConfiguration;
			buildSettings = {
				ASSETCATALOG_COMPILER_APPICON_NAME = AppIcon;
				ASSETCATALOG_COMPILER_GLOBAL_ACCENT_COLOR_NAME = AccentColor;
				CODE_SIGN_STYLE = Automatic;
				CURRENT_PROJECT_VERSION = 1;
				GENERATE_INFOPLIST_FILE = YES;
				INFOPLIST_FILE = RxSwiftMVVMEXample/Info.plist;
				INFOPLIST_KEY_UIApplicationSupportsIndirectInputEvents = YES;
				INFOPLIST_KEY_UILaunchStoryboardName = LaunchScreen;
				INFOPLIST_KEY_UIMainStoryboardFile = Main;
				INFOPLIST_KEY_UISupportedInterfaceOrientations_iPad = "UIInterfaceOrientationPortrait UIInterfaceOrientationPortraitUpsideDown UIInterfaceOrientationLandscapeLeft UIInterfaceOrientationLandscapeRight";
				INFOPLIST_KEY_UISupportedInterfaceOrientations_iPhone = "UIInterfaceOrientationPortrait UIInterfaceOrientationLandscapeLeft UIInterfaceOrientationLandscapeRight";
				LD_RUNPATH_SEARCH_PATHS = (
					"$(inherited)",
					"@executable_path/Frameworks",
				);
				MARKETING_VERSION = 1.0;
				PRODUCT_BUNDLE_IDENTIFIER = hk.com.chiefgroup.RxSwiftMVVMEXample;
				PRODUCT_NAME = "$(TARGET_NAME)";
				SWIFT_EMIT_LOC_STRINGS = YES;
				SWIFT_VERSION = 5.0;
				TARGETED_DEVICE_FAMILY = "1,2";
			};
			name = Release;
		};
		1AA4C89028CDDB4200DBD469 /* Debug */ = {
			isa = XCBuildConfiguration;
			buildSettings = {
				ALWAYS_EMBED_SWIFT_STANDARD_LIBRARIES = YES;
				BUNDLE_LOADER = "$(TEST_HOST)";
				CODE_SIGN_STYLE = Automatic;
				CURRENT_PROJECT_VERSION = 1;
				GENERATE_INFOPLIST_FILE = YES;
				IPHONEOS_DEPLOYMENT_TARGET = 15.5;
				MARKETING_VERSION = 1.0;
				PRODUCT_BUNDLE_IDENTIFIER = hk.com.chiefgroup.RxSwiftMVVMEXampleTests;
				PRODUCT_NAME = "$(TARGET_NAME)";
				SWIFT_EMIT_LOC_STRINGS = NO;
				SWIFT_VERSION = 5.0;
				TARGETED_DEVICE_FAMILY = "1,2";
				TEST_HOST = "$(BUILT_PRODUCTS_DIR)/RxSwiftMVVMEXample.app/RxSwiftMVVMEXample";
			};
			name = Debug;
		};
		1AA4C89128CDDB4200DBD469 /* Release */ = {
			isa = XCBuildConfiguration;
			buildSettings = {
				ALWAYS_EMBED_SWIFT_STANDARD_LIBRARIES = YES;
				BUNDLE_LOADER = "$(TEST_HOST)";
				CODE_SIGN_STYLE = Automatic;
				CURRENT_PROJECT_VERSION = 1;
				GENERATE_INFOPLIST_FILE = YES;
				IPHONEOS_DEPLOYMENT_TARGET = 15.5;
				MARKETING_VERSION = 1.0;
				PRODUCT_BUNDLE_IDENTIFIER = hk.com.chiefgroup.RxSwiftMVVMEXampleTests;
				PRODUCT_NAME = "$(TARGET_NAME)";
				SWIFT_EMIT_LOC_STRINGS = NO;
				SWIFT_VERSION = 5.0;
				TARGETED_DEVICE_FAMILY = "1,2";
				TEST_HOST = "$(BUILT_PRODUCTS_DIR)/RxSwiftMVVMEXample.app/RxSwiftMVVMEXample";
			};
			name = Release;
		};
		1AA4C89328CDDB4200DBD469 /* Debug */ = {
			isa = XCBuildConfiguration;
			buildSettings = {
				ALWAYS_EMBED_SWIFT_STANDARD_LIBRARIES = YES;
				CODE_SIGN_STYLE = Automatic;
				CURRENT_PROJECT_VERSION = 1;
				GENERATE_INFOPLIST_FILE = YES;
				MARKETING_VERSION = 1.0;
				PRODUCT_BUNDLE_IDENTIFIER = hk.com.chiefgroup.RxSwiftMVVMEXampleUITests;
				PRODUCT_NAME = "$(TARGET_NAME)";
				SWIFT_EMIT_LOC_STRINGS = NO;
				SWIFT_VERSION = 5.0;
				TARGETED_DEVICE_FAMILY = "1,2";
				TEST_TARGET_NAME = RxSwiftMVVMEXample;
			};
			name = Debug;
		};
		1AA4C89428CDDB4200DBD469 /* Release */ = {
			isa = XCBuildConfiguration;
			buildSettings = {
				ALWAYS_EMBED_SWIFT_STANDARD_LIBRARIES = YES;
				CODE_SIGN_STYLE = Automatic;
				CURRENT_PROJECT_VERSION = 1;
				GENERATE_INFOPLIST_FILE = YES;
				MARKETING_VERSION = 1.0;
				PRODUCT_BUNDLE_IDENTIFIER = hk.com.chiefgroup.RxSwiftMVVMEXampleUITests;
				PRODUCT_NAME = "$(TARGET_NAME)";
				SWIFT_EMIT_LOC_STRINGS = NO;
				SWIFT_VERSION = 5.0;
				TARGETED_DEVICE_FAMILY = "1,2";
				TEST_TARGET_NAME = RxSwiftMVVMEXample;
			};
			name = Release;
		};
/* End XCBuildConfiguration section */

/* Begin XCConfigurationList section */
		1AA4C85D28CDDB4100DBD469 /* Build configuration list for PBXProject "RxSwiftMVVMEXample" */ = {
			isa = XCConfigurationList;
			buildConfigurations = (
				1AA4C88A28CDDB4200DBD469 /* Debug */,
				1AA4C88B28CDDB4200DBD469 /* Release */,
			);
			defaultConfigurationIsVisible = 0;
			defaultConfigurationName = Release;
		};
		1AA4C88C28CDDB4200DBD469 /* Build configuration list for PBXNativeTarget "RxSwiftMVVMEXample" */ = {
			isa = XCConfigurationList;
			buildConfigurations = (
				1AA4C88D28CDDB4200DBD469 /* Debug */,
				1AA4C88E28CDDB4200DBD469 /* Release */,
			);
			defaultConfigurationIsVisible = 0;
			defaultConfigurationName = Release;
		};
		1AA4C88F28CDDB4200DBD469 /* Build configuration list for PBXNativeTarget "RxSwiftMVVMEXampleTests" */ = {
			isa = XCConfigurationList;
			buildConfigurations = (
				1AA4C89028CDDB4200DBD469 /* Debug */,
				1AA4C89128CDDB4200DBD469 /* Release */,
			);
			defaultConfigurationIsVisible = 0;
			defaultConfigurationName = Release;
		};
		1AA4C89228CDDB4200DBD469 /* Build configuration list for PBXNativeTarget "RxSwiftMVVMEXampleUITests" */ = {
			isa = XCConfigurationList;
			buildConfigurations = (
				1AA4C89328CDDB4200DBD469 /* Debug */,
				1AA4C89428CDDB4200DBD469 /* Release */,
			);
			defaultConfigurationIsVisible = 0;
			defaultConfigurationName = Release;
		};
/* End XCConfigurationList section */

/* Begin XCRemoteSwiftPackageReference section */
		1AA4C89528CDDB5800DBD469 /* XCRemoteSwiftPackageReference "RxSwift" */ = {
			isa = XCRemoteSwiftPackageReference;
			repositoryURL = "https://github.com/ReactiveX/RxSwift";
			requirement = {
				branch = main;
				kind = branch;
			};
		};
		1AA4C8A328CE4A0B00DBD469 /* XCRemoteSwiftPackageReference "RxSwift" */ = {
			isa = XCRemoteSwiftPackageReference;
			repositoryURL = "https://github.com/ReactiveX/RxSwift";
			requirement = {
				kind = upToNextMajorVersion;
				minimumVersion = 6.0.0;
			};
		};
		1AA4C8A628CE4A2200DBD469 /* XCRemoteSwiftPackageReference "RxSwift" */ = {
			isa = XCRemoteSwiftPackageReference;
			repositoryURL = "https://github.com/ReactiveX/RxSwift";
			requirement = {
				branch = main;
				kind = branch;
			};
		};
/* End XCRemoteSwiftPackageReference section */

/* Begin XCSwiftPackageProductDependency section */
		1AA4C89C28CDDB5800DBD469 /* RxSwift */ = {
			isa = XCSwiftPackageProductDependency;
			package = 1AA4C89528CDDB5800DBD469 /* XCRemoteSwiftPackageReference "RxSwift" */;
			productName = RxSwift;
		};
		1AA4C8A428CE4A0B00DBD469 /* RxSwift */ = {
			isa = XCSwiftPackageProductDependency;
			package = 1AA4C8A328CE4A0B00DBD469 /* XCRemoteSwiftPackageReference "RxSwift" */;
			productName = RxSwift;
		};
		1AA4C8A728CE4A2200DBD469 /* RxCocoa */ = {
			isa = XCSwiftPackageProductDependency;
			package = 1AA4C89528CDDB5800DBD469 /* XCRemoteSwiftPackageReference "RxSwift" */;
			productName = RxCocoa;
		};
/* End XCSwiftPackageProductDependency section */
	};
	rootObject = 1AA4C85A28CDDB4100DBD469 /* Project object */;
}
